
Microsoft Visual Studio Solution File, Format Version 12.00
# Visual Studio Version 17
VisualStudioVersion = 17.6.33829.357
MinimumVisualStudioVersion = 10.0.40219.1
Project("{8BC9CEB8-8B4A-11D0-8D11-00A0C91BC942}") = "La Creature", "La Creature\La Creature.vcxproj", "{D53ED14C-62F5-41BC-BD11-62649E2ABB14}"
EndProject
Global
	GlobalSection(SolutionConfigurationPlatforms) = preSolution
		Debug|x64 = Debug|x64
		Debug|x86 = Debug|x86
		Release|x64 = Release|x64
		Release|x86 = Release|x86
	EndGlobalSection
	GlobalSection(ProjectConfigurationPlatforms) = postSolution
		{D53ED14C-62F5-41BC-BD11-62649E2ABB14}.Debug|x64.ActiveCfg = Debug|x64
		{D53ED14C-62F5-41BC-BD11-62649E2ABB14}.Debug|x64.Build.0 = Debug|x64
		{D53ED14C-62F5-41BC-BD11-62649E2ABB14}.Debug|x86.ActiveCfg = Debug|Win32
		{D53ED14C-62F5-41BC-BD11-62649E2ABB14}.Debug|x86.Build.0 = Debug|Win32
		{D53ED14C-62F5-41BC-BD11-62649E2ABB14}.Release|x64.ActiveCfg = Release|x64
		{D53ED14C-62F5-41BC-BD11-62649E2ABB14}.Release|x64.Build.0 = Release|x64
		{D53ED14C-62F5-41BC-BD11-62649E2ABB14}.Release|x86.ActiveCfg = Release|Win32
		{D53ED14C-62F5-41BC-BD11-62649E2ABB14}.Release|x86.Build.0 = Release|Win32
	EndGlobalSection
	GlobalSection(SolutionProperties) = preSolution
		HideSolutionNode = FALSE
	EndGlobalSection
	GlobalSection(ExtensibilityGlobals) = postSolution
		SolutionGuid = {ACB76D0A-0CE7-4222-89F1-DF61EFC2A78F}
	EndGlobalSection
EndGlobal
